// !$*UTF8*$!
{
	archiveVersion = 1;
	classes = {
	};
	objectVersion = 50;
	objects = {

/* Begin PBXBuildFile section */
		778F545526B1972F002E9C78 /* Tests_iOS.swift in Sources */ = {isa = PBXBuildFile; fileRef = 778F545426B1972F002E9C78 /* Tests_iOS.swift */; };
		778F546026B1972F002E9C78 /* Tests_macOS.swift in Sources */ = {isa = PBXBuildFile; fileRef = 778F545F26B1972F002E9C78 /* Tests_macOS.swift */; };
		778F546226B1972F002E9C78 /* TestGitApp.swift in Sources */ = {isa = PBXBuildFile; fileRef = 778F543926B1972B002E9C78 /* TestGitApp.swift */; };
		778F546326B1972F002E9C78 /* TestGitApp.swift in Sources */ = {isa = PBXBuildFile; fileRef = 778F543926B1972B002E9C78 /* TestGitApp.swift */; };
		778F546426B1972F002E9C78 /* ContentView.swift in Sources */ = {isa = PBXBuildFile; fileRef = 778F543A26B1972B002E9C78 /* ContentView.swift */; };
		778F546526B1972F002E9C78 /* ContentView.swift in Sources */ = {isa = PBXBuildFile; fileRef = 778F543A26B1972B002E9C78 /* ContentView.swift */; };
		778F546626B1972F002E9C78 /* Assets.xcassets in Resources */ = {isa = PBXBuildFile; fileRef = 778F543B26B1972F002E9C78 /* Assets.xcassets */; };
		778F546726B1972F002E9C78 /* Assets.xcassets in Resources */ = {isa = PBXBuildFile; fileRef = 778F543B26B1972F002E9C78 /* Assets.xcassets */; };
/* End PBXBuildFile section */

/* Begin PBXContainerItemProxy section */
		778F545126B1972F002E9C78 /* PBXContainerItemProxy */ = {
			isa = PBXContainerItemProxy;
			containerPortal = 778F543426B1972B002E9C78 /* Project object */;
			proxyType = 1;
			remoteGlobalIDString = 778F543F26B1972F002E9C78;
			remoteInfo = "TestGit (iOS)";
		};
		778F545C26B1972F002E9C78 /* PBXContainerItemProxy */ = {
			isa = PBXContainerItemProxy;
			containerPortal = 778F543426B1972B002E9C78 /* Project object */;
			proxyType = 1;
			remoteGlobalIDString = 778F544726B1972F002E9C78;
			remoteInfo = "TestGit (macOS)";
		};
/* End PBXContainerItemProxy section */

/* Begin PBXFileReference section */
		778F543926B1972B002E9C78 /* TestGitApp.swift */ = {isa = PBXFileReference; lastKnownFileType = sourcecode.swift; path = TestGitApp.swift; sourceTree = "<group>"; };
		778F543A26B1972B002E9C78 /* ContentView.swift */ = {isa = PBXFileReference; lastKnownFileType = sourcecode.swift; path = ContentView.swift; sourceTree = "<group>"; };
		778F543B26B1972F002E9C78 /* Assets.xcassets */ = {isa = PBXFileReference; lastKnownFileType = folder.assetcatalog; path = Assets.xcassets; sourceTree = "<group>"; };
		778F544026B1972F002E9C78 /* TestGit.app */ = {isa = PBXFileReference; explicitFileType = wrapper.application; includeInIndex = 0; path = TestGit.app; sourceTree = BUILT_PRODUCTS_DIR; };
		778F544326B1972F002E9C78 /* Info.plist */ = {isa = PBXFileReference; lastKnownFileType = text.plist.xml; path = Info.plist; sourceTree = "<group>"; };
		778F544826B1972F002E9C78 /* TestGit.app */ = {isa = PBXFileReference; explicitFileType = wrapper.application; includeInIndex = 0; path = TestGit.app; sourceTree = BUILT_PRODUCTS_DIR; };
		778F544A26B1972F002E9C78 /* Info.plist */ = {isa = PBXFileReference; lastKnownFileType = text.plist.xml; path = Info.plist; sourceTree = "<group>"; };
		778F544B26B1972F002E9C78 /* macOS.entitlements */ = {isa = PBXFileReference; lastKnownFileType = text.plist.entitlements; path = macOS.entitlements; sourceTree = "<group>"; };
		778F545026B1972F002E9C78 /* Tests iOS.xctest */ = {isa = PBXFileReference; explicitFileType = wrapper.cfbundle; includeInIndex = 0; path = "Tests iOS.xctest"; sourceTree = BUILT_PRODUCTS_DIR; };
		778F545426B1972F002E9C78 /* Tests_iOS.swift */ = {isa = PBXFileReference; lastKnownFileType = sourcecode.swift; path = Tests_iOS.swift; sourceTree = "<group>"; };
		778F545626B1972F002E9C78 /* Info.plist */ = {isa = PBXFileReference; lastKnownFileType = text.plist.xml; path = Info.plist; sourceTree = "<group>"; };
		778F545B26B1972F002E9C78 /* Tests macOS.xctest */ = {isa = PBXFileReference; explicitFileType = wrapper.cfbundle; includeInIndex = 0; path = "Tests macOS.xctest"; sourceTree = BUILT_PRODUCTS_DIR; };
		778F545F26B1972F002E9C78 /* Tests_macOS.swift */ = {isa = PBXFileReference; lastKnownFileType = sourcecode.swift; path = Tests_macOS.swift; sourceTree = "<group>"; };
		778F546126B1972F002E9C78 /* Info.plist */ = {isa = PBXFileReference; lastKnownFileType = text.plist.xml; path = Info.plist; sourceTree = "<group>"; };
/* End PBXFileReference section */

/* Begin PBXFrameworksBuildPhase section */
		778F543D26B1972F002E9C78 /* Frameworks */ = {
			isa = PBXFrameworksBuildPhase;
			buildActionMask = 2147483647;
			files = (
			);
			runOnlyForDeploymentPostprocessing = 0;
		};
		778F544526B1972F002E9C78 /* Frameworks */ = {
			isa = PBXFrameworksBuildPhase;
			buildActionMask = 2147483647;
			files = (
			);
			runOnlyForDeploymentPostprocessing = 0;
		};
		778F544D26B1972F002E9C78 /* Frameworks */ = {
			isa = PBXFrameworksBuildPhase;
			buildActionMask = 2147483647;
			files = (
			);
			runOnlyForDeploymentPostprocessing = 0;
		};
		778F545826B1972F002E9C78 /* Frameworks */ = {
			isa = PBXFrameworksBuildPhase;
			buildActionMask = 2147483647;
			files = (
			);
			runOnlyForDeploymentPostprocessing = 0;
		};
/* End PBXFrameworksBuildPhase section */

/* Begin PBXGroup section */
		778F543326B1972B002E9C78 = {
			isa = PBXGroup;
			children = (
				778F543826B1972B002E9C78 /* Shared */,
				778F544226B1972F002E9C78 /* iOS */,
				778F544926B1972F002E9C78 /* macOS */,
				778F545326B1972F002E9C78 /* Tests iOS */,
				778F545E26B1972F002E9C78 /* Tests macOS */,
				778F544126B1972F002E9C78 /* Products */,
			);
			sourceTree = "<group>";
		};
		778F543826B1972B002E9C78 /* Shared */ = {
			isa = PBXGroup;
			children = (
				778F543926B1972B002E9C78 /* TestGitApp.swift */,
				778F543A26B1972B002E9C78 /* ContentView.swift */,
				778F543B26B1972F002E9C78 /* Assets.xcassets */,
			);
			path = Shared;
			sourceTree = "<group>";
		};
		778F544126B1972F002E9C78 /* Products */ = {
			isa = PBXGroup;
			children = (
				778F544026B1972F002E9C78 /* TestGit.app */,
				778F544826B1972F002E9C78 /* TestGit.app */,
				778F545026B1972F002E9C78 /* Tests iOS.xctest */,
				778F545B26B1972F002E9C78 /* Tests macOS.xctest */,
			);
			name = Products;
			sourceTree = "<group>";
		};
		778F544226B1972F002E9C78 /* iOS */ = {
			isa = PBXGroup;
			children = (
				778F544326B1972F002E9C78 /* Info.plist */,
			);
			path = iOS;
			sourceTree = "<group>";
		};
		778F544926B1972F002E9C78 /* macOS */ = {
			isa = PBXGroup;
			children = (
				778F544A26B1972F002E9C78 /* Info.plist */,
				778F544B26B1972F002E9C78 /* macOS.entitlements */,
			);
			path = macOS;
			sourceTree = "<group>";
		};
		778F545326B1972F002E9C78 /* Tests iOS */ = {
			isa = PBXGroup;
			children = (
				778F545426B1972F002E9C78 /* Tests_iOS.swift */,
				778F545626B1972F002E9C78 /* Info.plist */,
			);
			path = "Tests iOS";
			sourceTree = "<group>";
		};
		778F545E26B1972F002E9C78 /* Tests macOS */ = {
			isa = PBXGroup;
			children = (
				778F545F26B1972F002E9C78 /* Tests_macOS.swift */,
				778F546126B1972F002E9C78 /* Info.plist */,
			);
			path = "Tests macOS";
			sourceTree = "<group>";
		};
/* End PBXGroup section */

/* Begin PBXNativeTarget section */
		778F543F26B1972F002E9C78 /* TestGit (iOS) */ = {
			isa = PBXNativeTarget;
			buildConfigurationList = 778F546A26B1972F002E9C78 /* Build configuration list for PBXNativeTarget "TestGit (iOS)" */;
			buildPhases = (
				778F543C26B1972F002E9C78 /* Sources */,
				778F543D26B1972F002E9C78 /* Frameworks */,
				778F543E26B1972F002E9C78 /* Resources */,
			);
			buildRules = (
			);
			dependencies = (
			);
			name = "TestGit (iOS)";
			productName = "TestGit (iOS)";
			productReference = 778F544026B1972F002E9C78 /* TestGit.app */;
			productType = "com.apple.product-type.application";
		};
		778F544726B1972F002E9C78 /* TestGit (macOS) */ = {
			isa = PBXNativeTarget;
			buildConfigurationList = 778F546D26B1972F002E9C78 /* Build configuration list for PBXNativeTarget "TestGit (macOS)" */;
			buildPhases = (
				778F544426B1972F002E9C78 /* Sources */,
				778F544526B1972F002E9C78 /* Frameworks */,
				778F544626B1972F002E9C78 /* Resources */,
			);
			buildRules = (
			);
			dependencies = (
			);
			name = "TestGit (macOS)";
			productName = "TestGit (macOS)";
			productReference = 778F544826B1972F002E9C78 /* TestGit.app */;
			productType = "com.apple.product-type.application";
		};
		778F544F26B1972F002E9C78 /* Tests iOS */ = {
			isa = PBXNativeTarget;
			buildConfigurationList = 778F547026B1972F002E9C78 /* Build configuration list for PBXNativeTarget "Tests iOS" */;
			buildPhases = (
				778F544C26B1972F002E9C78 /* Sources */,
				778F544D26B1972F002E9C78 /* Frameworks */,
				778F544E26B1972F002E9C78 /* Resources */,
			);
			buildRules = (
			);
			dependencies = (
				778F545226B1972F002E9C78 /* PBXTargetDependency */,
			);
			name = "Tests iOS";
			productName = "Tests iOS";
			productReference = 778F545026B1972F002E9C78 /* Tests iOS.xctest */;
			productType = "com.apple.product-type.bundle.ui-testing";
		};
		778F545A26B1972F002E9C78 /* Tests macOS */ = {
			isa = PBXNativeTarget;
			buildConfigurationList = 778F547326B1972F002E9C78 /* Build configuration list for PBXNativeTarget "Tests macOS" */;
			buildPhases = (
				778F545726B1972F002E9C78 /* Sources */,
				778F545826B1972F002E9C78 /* Frameworks */,
				778F545926B1972F002E9C78 /* Resources */,
			);
			buildRules = (
			);
			dependencies = (
				778F545D26B1972F002E9C78 /* PBXTargetDependency */,
			);
			name = "Tests macOS";
			productName = "Tests macOS";
			productReference = 778F545B26B1972F002E9C78 /* Tests macOS.xctest */;
			productType = "com.apple.product-type.bundle.ui-testing";
		};
/* End PBXNativeTarget section */

/* Begin PBXProject section */
		778F543426B1972B002E9C78 /* Project object */ = {
			isa = PBXProject;
			attributes = {
				LastSwiftUpdateCheck = 1250;
				LastUpgradeCheck = 1250;
				TargetAttributes = {
					778F543F26B1972F002E9C78 = {
						CreatedOnToolsVersion = 12.5.1;
					};
					778F544726B1972F002E9C78 = {
						CreatedOnToolsVersion = 12.5.1;
					};
					778F544F26B1972F002E9C78 = {
						CreatedOnToolsVersion = 12.5.1;
						TestTargetID = 778F543F26B1972F002E9C78;
					};
					778F545A26B1972F002E9C78 = {
						CreatedOnToolsVersion = 12.5.1;
						TestTargetID = 778F544726B1972F002E9C78;
					};
				};
			};
			buildConfigurationList = 778F543726B1972B002E9C78 /* Build configuration list for PBXProject "TestGit" */;
			compatibilityVersion = "Xcode 9.3";
			developmentRegion = en;
			hasScannedForEncodings = 0;
			knownRegions = (
				en,
				Base,
			);
			mainGroup = 778F543326B1972B002E9C78;
			productRefGroup = 778F544126B1972F002E9C78 /* Products */;
			projectDirPath = "";
			projectRoot = "";
			targets = (
				778F543F26B1972F002E9C78 /* TestGit (iOS) */,
				778F544726B1972F002E9C78 /* TestGit (macOS) */,
				778F544F26B1972F002E9C78 /* Tests iOS */,
				778F545A26B1972F002E9C78 /* Tests macOS */,
			);
		};
/* End PBXProject section */

/* Begin PBXResourcesBuildPhase section */
		778F543E26B1972F002E9C78 /* Resources */ = {
			isa = PBXResourcesBuildPhase;
			buildActionMask = 2147483647;
			files = (
				778F546626B1972F002E9C78 /* Assets.xcassets in Resources */,
			);
			runOnlyForDeploymentPostprocessing = 0;
		};
		778F544626B1972F002E9C78 /* Resources */ = {
			isa = PBXResourcesBuildPhase;
			buildActionMask = 2147483647;
			files = (
				778F546726B1972F002E9C78 /* Assets.xcassets in Resources */,
			);
			runOnlyForDeploymentPostprocessing = 0;
		};
		778F544E26B1972F002E9C78 /* Resources */ = {
			isa = PBXResourcesBuildPhase;
			buildActionMask = 2147483647;
			files = (
			);
			runOnlyForDeploymentPostprocessing = 0;
		};
		778F545926B1972F002E9C78 /* Resources */ = {
			isa = PBXResourcesBuildPhase;
			buildActionMask = 2147483647;
			files = (
			);
			runOnlyForDeploymentPostprocessing = 0;
		};
/* End PBXResourcesBuildPhase section */

/* Begin PBXSourcesBuildPhase section */
		778F543C26B1972F002E9C78 /* Sources */ = {
			isa = PBXSourcesBuildPhase;
			buildActionMask = 2147483647;
			files = (
				778F546426B1972F002E9C78 /* ContentView.swift in Sources */,
				778F546226B1972F002E9C78 /* TestGitApp.swift in Sources */,
			);
			runOnlyForDeploymentPostprocessing = 0;
		};
		778F544426B1972F002E9C78 /* Sources */ = {
			isa = PBXSourcesBuildPhase;
			buildActionMask = 2147483647;
			files = (
				778F546526B1972F002E9C78 /* ContentView.swift in Sources */,
				778F546326B1972F002E9C78 /* TestGitApp.swift in Sources */,
			);
			runOnlyForDeploymentPostprocessing = 0;
		};
		778F544C26B1972F002E9C78 /* Sources */ = {
			isa = PBXSourcesBuildPhase;
			buildActionMask = 2147483647;
			files = (
				778F545526B1972F002E9C78 /* Tests_iOS.swift in Sources */,
			);
			runOnlyForDeploymentPostprocessing = 0;
		};
		778F545726B1972F002E9C78 /* Sources */ = {
			isa = PBXSourcesBuildPhase;
			buildActionMask = 2147483647;
			files = (
				778F546026B1972F002E9C78 /* Tests_macOS.swift in Sources */,
			);
			runOnlyForDeploymentPostprocessing = 0;
		};
/* End PBXSourcesBuildPhase section */

/* Begin PBXTargetDependency section */
		778F545226B1972F002E9C78 /* PBXTargetDependency */ = {
			isa = PBXTargetDependency;
			target = 778F543F26B1972F002E9C78 /* TestGit (iOS) */;
			targetProxy = 778F545126B1972F002E9C78 /* PBXContainerItemProxy */;
		};
		778F545D26B1972F002E9C78 /* PBXTargetDependency */ = {
			isa = PBXTargetDependency;
			target = 778F544726B1972F002E9C78 /* TestGit (macOS) */;
			targetProxy = 778F545C26B1972F002E9C78 /* PBXContainerItemProxy */;
		};
/* End PBXTargetDependency section */

/* Begin XCBuildConfiguration section */
		778F546826B1972F002E9C78 /* Debug */ = {
			isa = XCBuildConfiguration;
			buildSettings = {
				ALWAYS_SEARCH_USER_PATHS = NO;
				CLANG_ANALYZER_NONNULL = YES;
				CLANG_ANALYZER_NUMBER_OBJECT_CONVERSION = YES_AGGRESSIVE;
				CLANG_CXX_LANGUAGE_STANDARD = "gnu++14";
				CLANG_CXX_LIBRARY = "libc++";
				CLANG_ENABLE_MODULES = YES;
				CLANG_ENABLE_OBJC_ARC = YES;
				CLANG_ENABLE_OBJC_WEAK = YES;
				CLANG_WARN_BLOCK_CAPTURE_AUTORELEASING = YES;
				CLANG_WARN_BOOL_CONVERSION = YES;
				CLANG_WARN_COMMA = YES;
				CLANG_WARN_CONSTANT_CONVERSION = YES;
				CLANG_WARN_DEPRECATED_OBJC_IMPLEMENTATIONS = YES;
				CLANG_WARN_DIRECT_OBJC_ISA_USAGE = YES_ERROR;
				CLANG_WARN_DOCUMENTATION_COMMENTS = YES;
				CLANG_WARN_EMPTY_BODY = YES;
				CLANG_WARN_ENUM_CONVERSION = YES;
				CLANG_WARN_INFINITE_RECURSION = YES;
				CLANG_WARN_INT_CONVERSION = YES;
				CLANG_WARN_NON_LITERAL_NULL_CONVERSION = YES;
				CLANG_WARN_OBJC_IMPLICIT_RETAIN_SELF = YES;
				CLANG_WARN_OBJC_LITERAL_CONVERSION = YES;
				CLANG_WARN_OBJC_ROOT_CLASS = YES_ERROR;
				CLANG_WARN_QUOTED_INCLUDE_IN_FRAMEWORK_HEADER = YES;
				CLANG_WARN_RANGE_LOOP_ANALYSIS = YES;
				CLANG_WARN_STRICT_PROTOTYPES = YES;
				CLANG_WARN_SUSPICIOUS_MOVE = YES;
				CLANG_WARN_UNGUARDED_AVAILABILITY = YES_AGGRESSIVE;
				CLANG_WARN_UNREACHABLE_CODE = YES;
				CLANG_WARN__DUPLICATE_METHOD_MATCH = YES;
				COPY_PHASE_STRIP = NO;
				DEBUG_INFORMATION_FORMAT = dwarf;
				ENABLE_STRICT_OBJC_MSGSEND = YES;
				ENABLE_TESTABILITY = YES;
				GCC_C_LANGUAGE_STANDARD = gnu11;
				GCC_DYNAMIC_NO_PIC = NO;
				GCC_NO_COMMON_BLOCKS = YES;
				GCC_OPTIMIZATION_LEVEL = 0;
				GCC_PREPROCESSOR_DEFINITIONS = (
					"DEBUG=1",
					"$(inherited)",
				);
				GCC_WARN_64_TO_32_BIT_CONVERSION = YES;
				GCC_WARN_ABOUT_RETURN_TYPE = YES_ERROR;
				GCC_WARN_UNDECLARED_SELECTOR = YES;
				GCC_WARN_UNINITIALIZED_AUTOS = YES_AGGRESSIVE;
				GCC_WARN_UNUSED_FUNCTION = YES;
				GCC_WARN_UNUSED_VARIABLE = YES;
				MTL_ENABLE_DEBUG_INFO = INCLUDE_SOURCE;
				MTL_FAST_MATH = YES;
				ONLY_ACTIVE_ARCH = YES;
				SWIFT_ACTIVE_COMPILATION_CONDITIONS = DEBUG;
				SWIFT_OPTIMIZATION_LEVEL = "-Onone";
			};
			name = Debug;
		};
		778F546926B1972F002E9C78 /* Release */ = {
			isa = XCBuildConfiguration;
			buildSettings = {
				ALWAYS_SEARCH_USER_PATHS = NO;
				CLANG_ANALYZER_NONNULL = YES;
				CLANG_ANALYZER_NUMBER_OBJECT_CONVERSION = YES_AGGRESSIVE;
				CLANG_CXX_LANGUAGE_STANDARD = "gnu++14";
				CLANG_CXX_LIBRARY = "libc++";
				CLANG_ENABLE_MODULES = YES;
				CLANG_ENABLE_OBJC_ARC = YES;
				CLANG_ENABLE_OBJC_WEAK = YES;
				CLANG_WARN_BLOCK_CAPTURE_AUTORELEASING = YES;
				CLANG_WARN_BOOL_CONVERSION = YES;
				CLANG_WARN_COMMA = YES;
				CLANG_WARN_CONSTANT_CONVERSION = YES;
				CLANG_WARN_DEPRECATED_OBJC_IMPLEMENTATIONS = YES;
				CLANG_WARN_DIRECT_OBJC_ISA_USAGE = YES_ERROR;
				CLANG_WARN_DOCUMENTATION_COMMENTS = YES;
				CLANG_WARN_EMPTY_BODY = YES;
				CLANG_WARN_ENUM_CONVERSION = YES;
				CLANG_WARN_INFINITE_RECURSION = YES;
				CLANG_WARN_INT_CONVERSION = YES;
				CLANG_WARN_NON_LITERAL_NULL_CONVERSION = YES;
				CLANG_WARN_OBJC_IMPLICIT_RETAIN_SELF = YES;
				CLANG_WARN_OBJC_LITERAL_CONVERSION = YES;
				CLANG_WARN_OBJC_ROOT_CLASS = YES_ERROR;
				CLANG_WARN_QUOTED_INCLUDE_IN_FRAMEWORK_HEADER = YES;
				CLANG_WARN_RANGE_LOOP_ANALYSIS = YES;
				CLANG_WARN_STRICT_PROTOTYPES = YES;
				CLANG_WARN_SUSPICIOUS_MOVE = YES;
				CLANG_WARN_UNGUARDED_AVAILABILITY = YES_AGGRESSIVE;
				CLANG_WARN_UNREACHABLE_CODE = YES;
				CLANG_WARN__DUPLICATE_METHOD_MATCH = YES;
				COPY_PHASE_STRIP = NO;
				DEBUG_INFORMATION_FORMAT = "dwarf-with-dsym";
				ENABLE_NS_ASSERTIONS = NO;
				ENABLE_STRICT_OBJC_MSGSEND = YES;
				GCC_C_LANGUAGE_STANDARD = gnu11;
				GCC_NO_COMMON_BLOCKS = YES;
				GCC_WARN_64_TO_32_BIT_CONVERSION = YES;
				GCC_WARN_ABOUT_RETURN_TYPE = YES_ERROR;
				GCC_WARN_UNDECLARED_SELECTOR = YES;
				GCC_WARN_UNINITIALIZED_AUTOS = YES_AGGRESSIVE;
				GCC_WARN_UNUSED_FUNCTION = YES;
				GCC_WARN_UNUSED_VARIABLE = YES;
				MTL_ENABLE_DEBUG_INFO = NO;
				MTL_FAST_MATH = YES;
				SWIFT_COMPILATION_MODE = wholemodule;
				SWIFT_OPTIMIZATION_LEVEL = "-O";
			};
			name = Release;
		};
		778F546B26B1972F002E9C78 /* Debug */ = {
			isa = XCBuildConfiguration;
			buildSettings = {
				ASSETCATALOG_COMPILER_APPICON_NAME = AppIcon;
				ASSETCATALOG_COMPILER_GLOBAL_ACCENT_COLOR_NAME = AccentColor;
				CODE_SIGN_STYLE = Automatic;
				ENABLE_PREVIEWS = YES;
				INFOPLIST_FILE = iOS/Info.plist;
				IPHONEOS_DEPLOYMENT_TARGET = 14.0;
				LD_RUNPATH_SEARCH_PATHS = (
					"$(inherited)",
					"@executable_path/Frameworks",
				);
				PRODUCT_BUNDLE_IDENTIFIER = wandong.TestGit;
				PRODUCT_NAME = TestGit;
				SDKROOT = iphoneos;
				SWIFT_VERSION = 5.0;
				TARGETED_DEVICE_FAMILY = "1,2";
			};
			name = Debug;
		};
		778F546C26B1972F002E9C78 /* Release */ = {
			isa = XCBuildConfiguration;
			buildSettings = {
				ASSETCATALOG_COMPILER_APPICON_NAME = AppIcon;
				ASSETCATALOG_COMPILER_GLOBAL_ACCENT_COLOR_NAME = AccentColor;
				CODE_SIGN_STYLE = Automatic;
				ENABLE_PREVIEWS = YES;
				INFOPLIST_FILE = iOS/Info.plist;
				IPHONEOS_DEPLOYMENT_TARGET = 14.0;
				LD_RUNPATH_SEARCH_PATHS = (
					"$(inherited)",
					"@executable_path/Frameworks",
				);
				PRODUCT_BUNDLE_IDENTIFIER = wandong.TestGit;
				PRODUCT_NAME = TestGit;
				SDKROOT = iphoneos;
				SWIFT_VERSION = 5.0;
				TARGETED_DEVICE_FAMILY = "1,2";
				VALIDATE_PRODUCT = YES;
			};
			name = Release;
		};
		778F546E26B1972F002E9C78 /* Debug */ = {
			isa = XCBuildConfiguration;
			buildSettings = {
				ASSETCATALOG_COMPILER_APPICON_NAME = AppIcon;
				ASSETCATALOG_COMPILER_GLOBAL_ACCENT_COLOR_NAME = AccentColor;
				CODE_SIGN_ENTITLEMENTS = macOS/macOS.entitlements;
				CODE_SIGN_STYLE = Automatic;
				COMBINE_HIDPI_IMAGES = YES;
				ENABLE_PREVIEWS = YES;
				INFOPLIST_FILE = macOS/Info.plist;
				LD_RUNPATH_SEARCH_PATHS = (
					"$(inherited)",
					"@executable_path/../Frameworks",
				);
				MACOSX_DEPLOYMENT_TARGET = 11.0;
				PRODUCT_BUNDLE_IDENTIFIER = wandong.TestGit;
				PRODUCT_NAME = TestGit;
				SDKROOT = macosx;
				SWIFT_VERSION = 5.0;
			};
			name = Debug;
		};
		778F546F26B1972F002E9C78 /* Release */ = {
			isa = XCBuildConfiguration;
			buildSettings = {
				ASSETCATALOG_COMPILER_APPICON_NAME = AppIcon;
				ASSETCATALOG_COMPILER_GLOBAL_ACCENT_COLOR_NAME = AccentColor;
				CODE_SIGN_ENTITLEMENTS = macOS/macOS.entitlements;
				CODE_SIGN_STYLE = Automatic;
				COMBINE_HIDPI_IMAGES = YES;
				ENABLE_PREVIEWS = YES;
				INFOPLIST_FILE = macOS/Info.plist;
				LD_RUNPATH_SEARCH_PATHS = (
					"$(inherited)",
					"@executable_path/../Frameworks",
				);
				MACOSX_DEPLOYMENT_TARGET = 11.0;
				PRODUCT_BUNDLE_IDENTIFIER = wandong.TestGit;
				PRODUCT_NAME = TestGit;
				SDKROOT = macosx;
				SWIFT_VERSION = 5.0;
			};
			name = Release;
		};
		778F547126B1972F002E9C78 /* Debug */ = {
			isa = XCBuildConfiguration;
			buildSettings = {
				ALWAYS_EMBED_SWIFT_STANDARD_LIBRARIES = YES;
				CODE_SIGN_STYLE = Automatic;
				INFOPLIST_FILE = "Tests iOS/Info.plist";
				IPHONEOS_DEPLOYMENT_TARGET = 14.5;
				LD_RUNPATH_SEARCH_PATHS = (
					"$(inherited)",
					"@executable_path/Frameworks",
					"@loader_path/Frameworks",
				);
				PRODUCT_BUNDLE_IDENTIFIER = "wandong.Tests-iOS";
				PRODUCT_NAME = "$(TARGET_NAME)";
				SDKROOT = iphoneos;
				SWIFT_VERSION = 5.0;
				TARGETED_DEVICE_FAMILY = "1,2";
				TEST_TARGET_NAME = "TestGit (iOS)";
			};
			name = Debug;
		};
		778F547226B1972F002E9C78 /* Release */ = {
			isa = XCBuildConfiguration;
			buildSettings = {
				ALWAYS_EMBED_SWIFT_STANDARD_LIBRARIES = YES;
				CODE_SIGN_STYLE = Automatic;
				INFOPLIST_FILE = "Tests iOS/Info.plist";
				IPHONEOS_DEPLOYMENT_TARGET = 14.5;
				LD_RUNPATH_SEARCH_PATHS = (
					"$(inherited)",
					"@executable_path/Frameworks",
					"@loader_path/Frameworks",
				);
				PRODUCT_BUNDLE_IDENTIFIER = "wandong.Tests-iOS";
				PRODUCT_NAME = "$(TARGET_NAME)";
				SDKROOT = iphoneos;
				SWIFT_VERSION = 5.0;
				TARGETED_DEVICE_FAMILY = "1,2";
				TEST_TARGET_NAME = "TestGit (iOS)";
				VALIDATE_PRODUCT = YES;
			};
			name = Release;
		};
		778F547426B1972F002E9C78 /* Debug */ = {
			isa = XCBuildConfiguration;
			buildSettings = {
				ALWAYS_EMBED_SWIFT_STANDARD_LIBRARIES = YES;
				CODE_SIGN_STYLE = Automatic;
				COMBINE_HIDPI_IMAGES = YES;
				INFOPLIST_FILE = "Tests macOS/Info.plist";
				LD_RUNPATH_SEARCH_PATHS = (
					"$(inherited)",
					"@executable_path/../Frameworks",
					"@loader_path/../Frameworks",
				);
				MACOSX_DEPLOYMENT_TARGET = 11.3;
				PRODUCT_BUNDLE_IDENTIFIER = "wandong.Tests-macOS";
				PRODUCT_NAME = "$(TARGET_NAME)";
				SDKROOT = macosx;
				SWIFT_VERSION = 5.0;
				TEST_TARGET_NAME = "TestGit (macOS)";
			};
			name = Debug;
		};
		778F547526B1972F002E9C78 /* Release */ = {
			isa = XCBuildConfiguration;
			buildSettings = {
				ALWAYS_EMBED_SWIFT_STANDARD_LIBRARIES = YES;
				CODE_SIGN_STYLE = Automatic;
				COMBINE_HIDPI_IMAGES = YES;
				INFOPLIST_FILE = "Tests macOS/Info.plist";
				LD_RUNPATH_SEARCH_PATHS = (
					"$(inherited)",
					"@executable_path/../Frameworks",
					"@loader_path/../Frameworks",
				);
				MACOSX_DEPLOYMENT_TARGET = 11.3;
				PRODUCT_BUNDLE_IDENTIFIER = "wandong.Tests-macOS";
				PRODUCT_NAME = "$(TARGET_NAME)";
				SDKROOT = macosx;
				SWIFT_VERSION = 5.0;
				TEST_TARGET_NAME = "TestGit (macOS)";
			};
			name = Release;
		};
/* End XCBuildConfiguration section */

/* Begin XCConfigurationList section */
		778F543726B1972B002E9C78 /* Build configuration list for PBXProject "TestGit" */ = {
			isa = XCConfigurationList;
			buildConfigurations = (
				778F546826B1972F002E9C78 /* Debug */,
				778F546926B1972F002E9C78 /* Release */,
			);
			defaultConfigurationIsVisible = 0;
			defaultConfigurationName = Release;
		};
		778F546A26B1972F002E9C78 /* Build configuration list for PBXNativeTarget "TestGit (iOS)" */ = {
			isa = XCConfigurationList;
			buildConfigurations = (
				778F546B26B1972F002E9C78 /* Debug */,
				778F546C26B1972F002E9C78 /* Release */,
			);
			defaultConfigurationIsVisible = 0;
			defaultConfigurationName = Release;
		};
		778F546D26B1972F002E9C78 /* Build configuration list for PBXNativeTarget "TestGit (macOS)" */ = {
			isa = XCConfigurationList;
			buildConfigurations = (
				778F546E26B1972F002E9C78 /* Debug */,
				778F546F26B1972F002E9C78 /* Release */,
			);
			defaultConfigurationIsVisible = 0;
			defaultConfigurationName = Release;
		};
		778F547026B1972F002E9C78 /* Build configuration list for PBXNativeTarget "Tests iOS" */ = {
			isa = XCConfigurationList;
			buildConfigurations = (
				778F547126B1972F002E9C78 /* Debug */,
				778F547226B1972F002E9C78 /* Release */,
			);
			defaultConfigurationIsVisible = 0;
			defaultConfigurationName = Release;
		};
		778F547326B1972F002E9C78 /* Build configuration list for PBXNativeTarget "Tests macOS" */ = {
			isa = XCConfigurationList;
			buildConfigurations = (
				778F547426B1972F002E9C78 /* Debug */,
				778F547526B1972F002E9C78 /* Release */,
			);
			defaultConfigurationIsVisible = 0;
			defaultConfigurationName = Release;
		};
/* End XCConfigurationList section */
	};
	rootObject = 778F543426B1972B002E9C78 /* Project object */;
}
